// !$*UTF8*$!
{
	archiveVersion = 1;
	classes = {
	};
	objectVersion = 55;
	objects = {

/* Begin PBXBuildFile section */
		6607DBA8282BF9BD0000DC01 /* UnitConversionApp.swift in Sources */ = {isa = PBXBuildFile; fileRef = 6607DBA7282BF9BD0000DC01 /* UnitConversionApp.swift */; };
		6607DBAC282BF9BE0000DC01 /* Assets.xcassets in Resources */ = {isa = PBXBuildFile; fileRef = 6607DBAB282BF9BE0000DC01 /* Assets.xcassets */; };
		6607DBAF282BF9BE0000DC01 /* Preview Assets.xcassets in Resources */ = {isa = PBXBuildFile; fileRef = 6607DBAE282BF9BE0000DC01 /* Preview Assets.xcassets */; };
		6607DBB6282BF9DC0000DC01 /* AppTabView.swift in Sources */ = {isa = PBXBuildFile; fileRef = 6607DBB5282BF9DC0000DC01 /* AppTabView.swift */; };
		6607DBB8282BFA3F0000DC01 /* TemperatureConversionView.swift in Sources */ = {isa = PBXBuildFile; fileRef = 6607DBB7282BFA3F0000DC01 /* TemperatureConversionView.swift */; };
		6607DBBA282BFADF0000DC01 /* LengthConversionView.swift in Sources */ = {isa = PBXBuildFile; fileRef = 6607DBB9282BFADE0000DC01 /* LengthConversionView.swift */; };
		6607DBBC282BFAEF0000DC01 /* TimeConversionView.swift in Sources */ = {isa = PBXBuildFile; fileRef = 6607DBBB282BFAEF0000DC01 /* TimeConversionView.swift */; };
		6607DBBE282BFAFF0000DC01 /* VolumeConversionView.swift in Sources */ = {isa = PBXBuildFile; fileRef = 6607DBBD282BFAFF0000DC01 /* VolumeConversionView.swift */; };
		6607DBC1282BFDC20000DC01 /* AppWide.swift in Sources */ = {isa = PBXBuildFile; fileRef = 6607DBC0282BFDC20000DC01 /* AppWide.swift */; };
		6607DBC4282BFE3D0000DC01 /* Color+Ext.swift in Sources */ = {isa = PBXBuildFile; fileRef = 6607DBC3282BFE3D0000DC01 /* Color+Ext.swift */; };
		6607DBC6282BFE7F0000DC01 /* Colors.xcassets in Resources */ = {isa = PBXBuildFile; fileRef = 6607DBC5282BFE7F0000DC01 /* Colors.xcassets */; };
		663D1D65282D4CA200190119 /* UIColor+Temperature.swift in Sources */ = {isa = PBXBuildFile; fileRef = 663D1D64282D4CA200190119 /* UIColor+Temperature.swift */; };
/* End PBXBuildFile section */

/* Begin PBXFileReference section */
		6607DBA4282BF9BD0000DC01 /* UnitConversion.app */ = {isa = PBXFileReference; explicitFileType = wrapper.application; includeInIndex = 0; path = UnitConversion.app; sourceTree = BUILT_PRODUCTS_DIR; };
		6607DBA7282BF9BD0000DC01 /* UnitConversionApp.swift */ = {isa = PBXFileReference; lastKnownFileType = sourcecode.swift; path = UnitConversionApp.swift; sourceTree = "<group>"; };
		6607DBAB282BF9BE0000DC01 /* Assets.xcassets */ = {isa = PBXFileReference; lastKnownFileType = folder.assetcatalog; path = Assets.xcassets; sourceTree = "<group>"; };
		6607DBAE282BF9BE0000DC01 /* Preview Assets.xcassets */ = {isa = PBXFileReference; lastKnownFileType = folder.assetcatalog; path = "Preview Assets.xcassets"; sourceTree = "<group>"; };
		6607DBB5282BF9DC0000DC01 /* AppTabView.swift */ = {isa = PBXFileReference; lastKnownFileType = sourcecode.swift; path = AppTabView.swift; sourceTree = "<group>"; };
		6607DBB7282BFA3F0000DC01 /* TemperatureConversionView.swift */ = {isa = PBXFileReference; lastKnownFileType = sourcecode.swift; path = TemperatureConversionView.swift; sourceTree = "<group>"; };
		6607DBB9282BFADE0000DC01 /* LengthConversionView.swift */ = {isa = PBXFileReference; lastKnownFileType = sourcecode.swift; path = LengthConversionView.swift; sourceTree = "<group>"; };
		6607DBBB282BFAEF0000DC01 /* TimeConversionView.swift */ = {isa = PBXFileReference; lastKnownFileType = sourcecode.swift; path = TimeConversionView.swift; sourceTree = "<group>"; };
		6607DBBD282BFAFF0000DC01 /* VolumeConversionView.swift */ = {isa = PBXFileReference; lastKnownFileType = sourcecode.swift; path = VolumeConversionView.swift; sourceTree = "<group>"; };
		6607DBC0282BFDC20000DC01 /* AppWide.swift */ = {isa = PBXFileReference; lastKnownFileType = sourcecode.swift; path = AppWide.swift; sourceTree = "<group>"; };
		6607DBC3282BFE3D0000DC01 /* Color+Ext.swift */ = {isa = PBXFileReference; lastKnownFileType = sourcecode.swift; path = "Color+Ext.swift"; sourceTree = "<group>"; };
		6607DBC5282BFE7F0000DC01 /* Colors.xcassets */ = {isa = PBXFileReference; lastKnownFileType = folder.assetcatalog; path = Colors.xcassets; sourceTree = "<group>"; };
		663D1D64282D4CA200190119 /* UIColor+Temperature.swift */ = {isa = PBXFileReference; lastKnownFileType = sourcecode.swift; path = "UIColor+Temperature.swift"; sourceTree = "<group>"; };
/* End PBXFileReference section */

/* Begin PBXFrameworksBuildPhase section */
		6607DBA1282BF9BD0000DC01 /* Frameworks */ = {
			isa = PBXFrameworksBuildPhase;
			buildActionMask = 2147483647;
			files = (
			);
			runOnlyForDeploymentPostprocessing = 0;
		};
/* End PBXFrameworksBuildPhase section */

/* Begin PBXGroup section */
		6607DB9B282BF9BD0000DC01 = {
			isa = PBXGroup;
			children = (
				6607DBA6282BF9BD0000DC01 /* UnitConversion */,
				6607DBA5282BF9BD0000DC01 /* Products */,
			);
			sourceTree = "<group>";
		};
		6607DBA5282BF9BD0000DC01 /* Products */ = {
			isa = PBXGroup;
			children = (
				6607DBA4282BF9BD0000DC01 /* UnitConversion.app */,
			);
			name = Products;
			sourceTree = "<group>";
		};
		6607DBA6282BF9BD0000DC01 /* UnitConversion */ = {
			isa = PBXGroup;
			children = (
				6607DBA7282BF9BD0000DC01 /* UnitConversionApp.swift */,
				6607DBB5282BF9DC0000DC01 /* AppTabView.swift */,
				6607DBB7282BFA3F0000DC01 /* TemperatureConversionView.swift */,
				6607DBB9282BFADE0000DC01 /* LengthConversionView.swift */,
				6607DBBB282BFAEF0000DC01 /* TimeConversionView.swift */,
				6607DBBD282BFAFF0000DC01 /* VolumeConversionView.swift */,
				6607DBC2282BFE220000DC01 /* Extensions */,
				6607DBBF282BFDB20000DC01 /* Enums */,
				6607DBAB282BF9BE0000DC01 /* Assets.xcassets */,
				6607DBC5282BFE7F0000DC01 /* Colors.xcassets */,
				6607DBAD282BF9BE0000DC01 /* Preview Content */,
			);
			path = UnitConversion;
			sourceTree = "<group>";
		};
		6607DBAD282BF9BE0000DC01 /* Preview Content */ = {
			isa = PBXGroup;
			children = (
				6607DBAE282BF9BE0000DC01 /* Preview Assets.xcassets */,
			);
			path = "Preview Content";
			sourceTree = "<group>";
		};
		6607DBBF282BFDB20000DC01 /* Enums */ = {
			isa = PBXGroup;
			children = (
				6607DBC0282BFDC20000DC01 /* AppWide.swift */,
			);
			path = Enums;
			sourceTree = "<group>";
		};
		6607DBC2282BFE220000DC01 /* Extensions */ = {
			isa = PBXGroup;
			children = (
				6607DBC3282BFE3D0000DC01 /* Color+Ext.swift */,
				663D1D64282D4CA200190119 /* UIColor+Temperature.swift */,
			);
			path = Extensions;
			sourceTree = "<group>";
		};
/* End PBXGroup section */

/* Begin PBXNativeTarget section */
		6607DBA3282BF9BD0000DC01 /* UnitConversion */ = {
			isa = PBXNativeTarget;
			buildConfigurationList = 6607DBB2282BF9BE0000DC01 /* Build configuration list for PBXNativeTarget "UnitConversion" */;
			buildPhases = (
				6607DBA0282BF9BD0000DC01 /* Sources */,
				6607DBA1282BF9BD0000DC01 /* Frameworks */,
				6607DBA2282BF9BD0000DC01 /* Resources */,
			);
			buildRules = (
			);
			dependencies = (
			);
			name = UnitConversion;
			productName = UnitConversion;
			productReference = 6607DBA4282BF9BD0000DC01 /* UnitConversion.app */;
			productType = "com.apple.product-type.application";
		};
/* End PBXNativeTarget section */

/* Begin PBXProject section */
		6607DB9C282BF9BD0000DC01 /* Project object */ = {
			isa = PBXProject;
			attributes = {
				BuildIndependentTargetsInParallel = 1;
				LastSwiftUpdateCheck = 1330;
				LastUpgradeCheck = 1330;
				TargetAttributes = {
					6607DBA3282BF9BD0000DC01 = {
						CreatedOnToolsVersion = 13.3;
					};
				};
			};
			buildConfigurationList = 6607DB9F282BF9BD0000DC01 /* Build configuration list for PBXProject "UnitConversion" */;
			compatibilityVersion = "Xcode 13.0";
			developmentRegion = en;
			hasScannedForEncodings = 0;
			knownRegions = (
				en,
				Base,
			);
			mainGroup = 6607DB9B282BF9BD0000DC01;
			productRefGroup = 6607DBA5282BF9BD0000DC01 /* Products */;
			projectDirPath = "";
			projectRoot = "";
			targets = (
				6607DBA3282BF9BD0000DC01 /* UnitConversion */,
			);
		};
/* End PBXProject section */

/* Begin PBXResourcesBuildPhase section */
		6607DBA2282BF9BD0000DC01 /* Resources */ = {
			isa = PBXResourcesBuildPhase;
			buildActionMask = 2147483647;
			files = (
				6607DBC6282BFE7F0000DC01 /* Colors.xcassets in Resources */,
				6607DBAF282BF9BE0000DC01 /* Preview Assets.xcassets in Resources */,
				6607DBAC282BF9BE0000DC01 /* Assets.xcassets in Resources */,
			);
			runOnlyForDeploymentPostprocessing = 0;
		};
/* End PBXResourcesBuildPhase section */

/* Begin PBXSourcesBuildPhase section */
		6607DBA0282BF9BD0000DC01 /* Sources */ = {
			isa = PBXSourcesBuildPhase;
			buildActionMask = 2147483647;
			files = (
				6607DBBE282BFAFF0000DC01 /* VolumeConversionView.swift in Sources */,
				6607DBBA282BFADF0000DC01 /* LengthConversionView.swift in Sources */,
				6607DBB6282BF9DC0000DC01 /* AppTabView.swift in Sources */,
				6607DBB8282BFA3F0000DC01 /* TemperatureConversionView.swift in Sources */,
				6607DBC1282BFDC20000DC01 /* AppWide.swift in Sources */,
				6607DBC4282BFE3D0000DC01 /* Color+Ext.swift in Sources */,
				663D1D65282D4CA200190119 /* UIColor+Temperature.swift in Sources */,
				6607DBBC282BFAEF0000DC01 /* TimeConversionView.swift in Sources */,
				6607DBA8282BF9BD0000DC01 /* UnitConversionApp.swift in Sources */,
			);
			runOnlyForDeploymentPostprocessing = 0;
		};
/* End PBXSourcesBuildPhase section */

/* Begin XCBuildConfiguration section */
		6607DBB0282BF9BE0000DC01 /* Debug */ = {
			isa = XCBuildConfiguration;
			buildSettings = {
				ALWAYS_SEARCH_USER_PATHS = NO;
				CLANG_ANALYZER_NONNULL = YES;
				CLANG_ANALYZER_NUMBER_OBJECT_CONVERSION = YES_AGGRESSIVE;
				CLANG_CXX_LANGUAGE_STANDARD = "gnu++17";
				CLANG_ENABLE_MODULES = YES;
				CLANG_ENABLE_OBJC_ARC = YES;
				CLANG_ENABLE_OBJC_WEAK = YES;
				CLANG_WARN_BLOCK_CAPTURE_AUTORELEASING = YES;
				CLANG_WARN_BOOL_CONVERSION = YES;
				CLANG_WARN_COMMA = YES;
				CLANG_WARN_CONSTANT_CONVERSION = YES;
				CLANG_WARN_DEPRECATED_OBJC_IMPLEMENTATIONS = YES;
				CLANG_WARN_DIRECT_OBJC_ISA_USAGE = YES_ERROR;
				CLANG_WARN_DOCUMENTATION_COMMENTS = YES;
				CLANG_WARN_EMPTY_BODY = YES;
				CLANG_WARN_ENUM_CONVERSION = YES;
				CLANG_WARN_INFINITE_RECURSION = YES;
				CLANG_WARN_INT_CONVERSION = YES;
				CLANG_WARN_NON_LITERAL_NULL_CONVERSION = YES;
				CLANG_WARN_OBJC_IMPLICIT_RETAIN_SELF = YES;
				CLANG_WARN_OBJC_LITERAL_CONVERSION = YES;
				CLANG_WARN_OBJC_ROOT_CLASS = YES_ERROR;
				CLANG_WARN_QUOTED_INCLUDE_IN_FRAMEWORK_HEADER = YES;
				CLANG_WARN_RANGE_LOOP_ANALYSIS = YES;
				CLANG_WARN_STRICT_PROTOTYPES = YES;
				CLANG_WARN_SUSPICIOUS_MOVE = YES;
				CLANG_WARN_UNGUARDED_AVAILABILITY = YES_AGGRESSIVE;
				CLANG_WARN_UNREACHABLE_CODE = YES;
				CLANG_WARN__DUPLICATE_METHOD_MATCH = YES;
				COPY_PHASE_STRIP = NO;
				DEBUG_INFORMATION_FORMAT = dwarf;
				ENABLE_STRICT_OBJC_MSGSEND = YES;
				ENABLE_TESTABILITY = YES;
				GCC_C_LANGUAGE_STANDARD = gnu11;
				GCC_DYNAMIC_NO_PIC = NO;
				GCC_NO_COMMON_BLOCKS = YES;
				GCC_OPTIMIZATION_LEVEL = 0;
				GCC_PREPROCESSOR_DEFINITIONS = (
					"DEBUG=1",
					"$(inherited)",
				);
				GCC_WARN_64_TO_32_BIT_CONVERSION = YES;
				GCC_WARN_ABOUT_RETURN_TYPE = YES_ERROR;
				GCC_WARN_UNDECLARED_SELECTOR = YES;
				GCC_WARN_UNINITIALIZED_AUTOS = YES_AGGRESSIVE;
				GCC_WARN_UNUSED_FUNCTION = YES;
				GCC_WARN_UNUSED_VARIABLE = YES;
				IPHONEOS_DEPLOYMENT_TARGET = 15.4;
				MTL_ENABLE_DEBUG_INFO = INCLUDE_SOURCE;
				MTL_FAST_MATH = YES;
				ONLY_ACTIVE_ARCH = YES;
				SDKROOT = iphoneos;
				SWIFT_ACTIVE_COMPILATION_CONDITIONS = DEBUG;
				SWIFT_OPTIMIZATION_LEVEL = "-Onone";
			};
			name = Debug;
		};
		6607DBB1282BF9BE0000DC01 /* Release */ = {
			isa = XCBuildConfiguration;
			buildSettings = {
				ALWAYS_SEARCH_USER_PATHS = NO;
				CLANG_ANALYZER_NONNULL = YES;
				CLANG_ANALYZER_NUMBER_OBJECT_CONVERSION = YES_AGGRESSIVE;
				CLANG_CXX_LANGUAGE_STANDARD = "gnu++17";
				CLANG_ENABLE_MODULES = YES;
				CLANG_ENABLE_OBJC_ARC = YES;
				CLANG_ENABLE_OBJC_WEAK = YES;
				CLANG_WARN_BLOCK_CAPTURE_AUTORELEASING = YES;
				CLANG_WARN_BOOL_CONVERSION = YES;
				CLANG_WARN_COMMA = YES;
				CLANG_WARN_CONSTANT_CONVERSION = YES;
				CLANG_WARN_DEPRECATED_OBJC_IMPLEMENTATIONS = YES;
				CLANG_WARN_DIRECT_OBJC_ISA_USAGE = YES_ERROR;
				CLANG_WARN_DOCUMENTATION_COMMENTS = YES;
				CLANG_WARN_EMPTY_BODY = YES;
				CLANG_WARN_ENUM_CONVERSION = YES;
				CLANG_WARN_INFINITE_RECURSION = YES;
				CLANG_WARN_INT_CONVERSION = YES;
				CLANG_WARN_NON_LITERAL_NULL_CONVERSION = YES;
				CLANG_WARN_OBJC_IMPLICIT_RETAIN_SELF = YES;
				CLANG_WARN_OBJC_LITERAL_CONVERSION = YES;
				CLANG_WARN_OBJC_ROOT_CLASS = YES_ERROR;
				CLANG_WARN_QUOTED_INCLUDE_IN_FRAMEWORK_HEADER = YES;
				CLANG_WARN_RANGE_LOOP_ANALYSIS = YES;
				CLANG_WARN_STRICT_PROTOTYPES = YES;
				CLANG_WARN_SUSPICIOUS_MOVE = YES;
				CLANG_WARN_UNGUARDED_AVAILABILITY = YES_AGGRESSIVE;
				CLANG_WARN_UNREACHABLE_CODE = YES;
				CLANG_WARN__DUPLICATE_METHOD_MATCH = YES;
				COPY_PHASE_STRIP = NO;
				DEBUG_INFORMATION_FORMAT = "dwarf-with-dsym";
				ENABLE_NS_ASSERTIONS = NO;
				ENABLE_STRICT_OBJC_MSGSEND = YES;
				GCC_C_LANGUAGE_STANDARD = gnu11;
				GCC_NO_COMMON_BLOCKS = YES;
				GCC_WARN_64_TO_32_BIT_CONVERSION = YES;
				GCC_WARN_ABOUT_RETURN_TYPE = YES_ERROR;
				GCC_WARN_UNDECLARED_SELECTOR = YES;
				GCC_WARN_UNINITIALIZED_AUTOS = YES_AGGRESSIVE;
				GCC_WARN_UNUSED_FUNCTION = YES;
				GCC_WARN_UNUSED_VARIABLE = YES;
				IPHONEOS_DEPLOYMENT_TARGET = 15.4;
				MTL_ENABLE_DEBUG_INFO = NO;
				MTL_FAST_MATH = YES;
				SDKROOT = iphoneos;
				SWIFT_COMPILATION_MODE = wholemodule;
				SWIFT_OPTIMIZATION_LEVEL = "-O";
				VALIDATE_PRODUCT = YES;
			};
			name = Release;
		};
		6607DBB3282BF9BE0000DC01 /* Debug */ = {
			isa = XCBuildConfiguration;
			buildSettings = {
				ASSETCATALOG_COMPILER_APPICON_NAME = AppIcon;
				ASSETCATALOG_COMPILER_GLOBAL_ACCENT_COLOR_NAME = AccentColor;
				CODE_SIGN_STYLE = Automatic;
				CURRENT_PROJECT_VERSION = 1;
				DEVELOPMENT_ASSET_PATHS = "\"UnitConversion/Preview Content\"";
				DEVELOPMENT_TEAM = SVT2GB99S9;
				ENABLE_PREVIEWS = YES;
				GENERATE_INFOPLIST_FILE = YES;
				INFOPLIST_KEY_UIApplicationSceneManifest_Generation = YES;
				INFOPLIST_KEY_UIApplicationSupportsIndirectInputEvents = YES;
				INFOPLIST_KEY_UILaunchScreen_Generation = YES;
				INFOPLIST_KEY_UISupportedInterfaceOrientations_iPad = "UIInterfaceOrientationPortrait UIInterfaceOrientationPortraitUpsideDown UIInterfaceOrientationLandscapeLeft UIInterfaceOrientationLandscapeRight";
				INFOPLIST_KEY_UISupportedInterfaceOrientations_iPhone = "UIInterfaceOrientationPortrait UIInterfaceOrientationLandscapeLeft UIInterfaceOrientationLandscapeRight";
				LD_RUNPATH_SEARCH_PATHS = (
					"$(inherited)",
					"@executable_path/Frameworks",
				);
				MARKETING_VERSION = 1.0;
				PRODUCT_BUNDLE_IDENTIFIER = com.MDKSolutions.UnitConversion;
				PRODUCT_NAME = "$(TARGET_NAME)";
				SWIFT_EMIT_LOC_STRINGS = YES;
				SWIFT_VERSION = 5.0;
				TARGETED_DEVICE_FAMILY = "1,2";
			};
			name = Debug;
		};
		6607DBB4282BF9BE0000DC01 /* Release */ = {
			isa = XCBuildConfiguration;
			buildSettings = {
				ASSETCATALOG_COMPILER_APPICON_NAME = AppIcon;
				ASSETCATALOG_COMPILER_GLOBAL_ACCENT_COLOR_NAME = AccentColor;
				CODE_SIGN_STYLE = Automatic;
				CURRENT_PROJECT_VERSION = 1;
				DEVELOPMENT_ASSET_PATHS = "\"UnitConversion/Preview Content\"";
				DEVELOPMENT_TEAM = SVT2GB99S9;
				ENABLE_PREVIEWS = YES;
				GENERATE_INFOPLIST_FILE = YES;
				INFOPLIST_KEY_UIApplicationSceneManifest_Generation = YES;
				INFOPLIST_KEY_UIApplicationSupportsIndirectInputEvents = YES;
				INFOPLIST_KEY_UILaunchScreen_Generation = YES;
				INFOPLIST_KEY_UISupportedInterfaceOrientations_iPad = "UIInterfaceOrientationPortrait UIInterfaceOrientationPortraitUpsideDown UIInterfaceOrientationLandscapeLeft UIInterfaceOrientationLandscapeRight";
				INFOPLIST_KEY_UISupportedInterfaceOrientations_iPhone = "UIInterfaceOrientationPortrait UIInterfaceOrientationLandscapeLeft UIInterfaceOrientationLandscapeRight";
				LD_RUNPATH_SEARCH_PATHS = (
					"$(inherited)",
					"@executable_path/Frameworks",
				);
				MARKETING_VERSION = 1.0;
				PRODUCT_BUNDLE_IDENTIFIER = com.MDKSolutions.UnitConversion;
				PRODUCT_NAME = "$(TARGET_NAME)";
				SWIFT_EMIT_LOC_STRINGS = YES;
				SWIFT_VERSION = 5.0;
				TARGETED_DEVICE_FAMILY = "1,2";
			};
			name = Release;
		};
/* End XCBuildConfiguration section */

/* Begin XCConfigurationList section */
		6607DB9F282BF9BD0000DC01 /* Build configuration list for PBXProject "UnitConversion" */ = {
			isa = XCConfigurationList;
			buildConfigurations = (
				6607DBB0282BF9BE0000DC01 /* Debug */,
				6607DBB1282BF9BE0000DC01 /* Release */,
			);
			defaultConfigurationIsVisible = 0;
			defaultConfigurationName = Release;
		};
		6607DBB2282BF9BE0000DC01 /* Build configuration list for PBXNativeTarget "UnitConversion" */ = {
			isa = XCConfigurationList;
			buildConfigurations = (
				6607DBB3282BF9BE0000DC01 /* Debug */,
				6607DBB4282BF9BE0000DC01 /* Release */,
			);
			defaultConfigurationIsVisible = 0;
			defaultConfigurationName = Release;
		};
/* End XCConfigurationList section */
	};
	rootObject = 6607DB9C282BF9BD0000DC01 /* Project object */;
}
